// !$*UTF8*$!
{
	archiveVersion = 1;
	classes = {
	};
	objectVersion = 56;
	objects = {

/* Begin PBXBuildFile section */
		7A07B0EE299CD9270063839C /* Coordinator.swift in Sources */ = {isa = PBXBuildFile; fileRef = 7A07B0ED299CD9270063839C /* Coordinator.swift */; };
		7A07B0F0299CDC070063839C /* Main.storyboard in Resources */ = {isa = PBXBuildFile; fileRef = 7A07B0EF299CDC070063839C /* Main.storyboard */; };
		7A07B0F8299CDD070063839C /* NewsViewController.swift in Sources */ = {isa = PBXBuildFile; fileRef = 7A07B0F7299CDD070063839C /* NewsViewController.swift */; };
		7A07B0FA299D05200063839C /* MapViewController.swift in Sources */ = {isa = PBXBuildFile; fileRef = 7A07B0F9299D05200063839C /* MapViewController.swift */; };
		7A07B0FC299D05370063839C /* FavoriteViewController.swift in Sources */ = {isa = PBXBuildFile; fileRef = 7A07B0FB299D05370063839C /* FavoriteViewController.swift */; };
		7A07B0FE299D05400063839C /* ProfileViewController.swift in Sources */ = {isa = PBXBuildFile; fileRef = 7A07B0FD299D05400063839C /* ProfileViewController.swift */; };
		7A07B100299D125E0063839C /* DetailNewsViewController.swift in Sources */ = {isa = PBXBuildFile; fileRef = 7A07B0FF299D125E0063839C /* DetailNewsViewController.swift */; };
		7A1E702E299BB5AA00C05E3C /* RegisterViewController.swift in Sources */ = {isa = PBXBuildFile; fileRef = 7A1E702C299BB5AA00C05E3C /* RegisterViewController.swift */; };
		7A1E702F299BB5AA00C05E3C /* RegisterViewController.xib in Resources */ = {isa = PBXBuildFile; fileRef = 7A1E702D299BB5AA00C05E3C /* RegisterViewController.xib */; };
		7A1E7032299BB62700C05E3C /* AuthViewController.xib in Resources */ = {isa = PBXBuildFile; fileRef = 7A1E7031299BB62700C05E3C /* AuthViewController.xib */; };
		7A1E7035299BBF8600C05E3C /* ResetPasswordViewController.swift in Sources */ = {isa = PBXBuildFile; fileRef = 7A1E7033299BBF8600C05E3C /* ResetPasswordViewController.swift */; };
		7A1E7036299BBF8600C05E3C /* ResetPasswordViewController.xib in Resources */ = {isa = PBXBuildFile; fileRef = 7A1E7034299BBF8600C05E3C /* ResetPasswordViewController.xib */; };
		7A1E703C299C139800C05E3C /* UITextField+TextInsets.swift in Sources */ = {isa = PBXBuildFile; fileRef = 7A1E703B299C139800C05E3C /* UITextField+TextInsets.swift */; };
		7A209BDE299D43DF0017F383 /* NewsTableViewCell.swift in Sources */ = {isa = PBXBuildFile; fileRef = 7A209BDC299D43DF0017F383 /* NewsTableViewCell.swift */; };
		7A209BDF299D43DF0017F383 /* NewsTableViewCell.xib in Resources */ = {isa = PBXBuildFile; fileRef = 7A209BDD299D43DF0017F383 /* NewsTableViewCell.xib */; };
		7AAF9F1F299E225D0048F2F5 /* News.swift in Sources */ = {isa = PBXBuildFile; fileRef = 7AAF9F1E299E225D0048F2F5 /* News.swift */; };
		7AAF9F22299E53BB0048F2F5 /* LikeButton.swift in Sources */ = {isa = PBXBuildFile; fileRef = 7AAF9F21299E53BB0048F2F5 /* LikeButton.swift */; };
		7AAF9F24299E9FAB0048F2F5 /* Date+SimpleFormat.swift in Sources */ = {isa = PBXBuildFile; fileRef = 7AAF9F23299E9FAB0048F2F5 /* Date+SimpleFormat.swift */; };
		7AAF9F26299EA52E0048F2F5 /* FavoriteCollectionViewCell.swift in Sources */ = {isa = PBXBuildFile; fileRef = 7AAF9F25299EA52E0048F2F5 /* FavoriteCollectionViewCell.swift */; };
		7AF77B46299BA1C10099A2E8 /* AppDelegate.swift in Sources */ = {isa = PBXBuildFile; fileRef = 7AF77B45299BA1C10099A2E8 /* AppDelegate.swift */; };
		7AF77B48299BA1C10099A2E8 /* SceneDelegate.swift in Sources */ = {isa = PBXBuildFile; fileRef = 7AF77B47299BA1C10099A2E8 /* SceneDelegate.swift */; };
		7AF77B4A299BA1C10099A2E8 /* AuthViewController.swift in Sources */ = {isa = PBXBuildFile; fileRef = 7AF77B49299BA1C10099A2E8 /* AuthViewController.swift */; };
		7AF77B4F299BA1C20099A2E8 /* Assets.xcassets in Resources */ = {isa = PBXBuildFile; fileRef = 7AF77B4E299BA1C20099A2E8 /* Assets.xcassets */; };
		7AF77B52299BA1C20099A2E8 /* LaunchScreen.storyboard in Resources */ = {isa = PBXBuildFile; fileRef = 7AF77B50299BA1C20099A2E8 /* LaunchScreen.storyboard */; };
/* End PBXBuildFile section */

/* Begin PBXFileReference section */
		7A07B0ED299CD9270063839C /* Coordinator.swift */ = {isa = PBXFileReference; lastKnownFileType = sourcecode.swift; path = Coordinator.swift; sourceTree = "<group>"; };
		7A07B0EF299CDC070063839C /* Main.storyboard */ = {isa = PBXFileReference; lastKnownFileType = file.storyboard; path = Main.storyboard; sourceTree = "<group>"; };
		7A07B0F7299CDD070063839C /* NewsViewController.swift */ = {isa = PBXFileReference; lastKnownFileType = sourcecode.swift; path = NewsViewController.swift; sourceTree = "<group>"; };
		7A07B0F9299D05200063839C /* MapViewController.swift */ = {isa = PBXFileReference; lastKnownFileType = sourcecode.swift; path = MapViewController.swift; sourceTree = "<group>"; };
		7A07B0FB299D05370063839C /* FavoriteViewController.swift */ = {isa = PBXFileReference; lastKnownFileType = sourcecode.swift; path = FavoriteViewController.swift; sourceTree = "<group>"; };
		7A07B0FD299D05400063839C /* ProfileViewController.swift */ = {isa = PBXFileReference; lastKnownFileType = sourcecode.swift; path = ProfileViewController.swift; sourceTree = "<group>"; };
		7A07B0FF299D125E0063839C /* DetailNewsViewController.swift */ = {isa = PBXFileReference; lastKnownFileType = sourcecode.swift; path = DetailNewsViewController.swift; sourceTree = "<group>"; };
		7A1E702C299BB5AA00C05E3C /* RegisterViewController.swift */ = {isa = PBXFileReference; lastKnownFileType = sourcecode.swift; path = RegisterViewController.swift; sourceTree = "<group>"; };
		7A1E702D299BB5AA00C05E3C /* RegisterViewController.xib */ = {isa = PBXFileReference; lastKnownFileType = file.xib; path = RegisterViewController.xib; sourceTree = "<group>"; };
		7A1E7031299BB62700C05E3C /* AuthViewController.xib */ = {isa = PBXFileReference; lastKnownFileType = file.xib; path = AuthViewController.xib; sourceTree = "<group>"; };
		7A1E7033299BBF8600C05E3C /* ResetPasswordViewController.swift */ = {isa = PBXFileReference; lastKnownFileType = sourcecode.swift; path = ResetPasswordViewController.swift; sourceTree = "<group>"; };
		7A1E7034299BBF8600C05E3C /* ResetPasswordViewController.xib */ = {isa = PBXFileReference; lastKnownFileType = file.xib; path = ResetPasswordViewController.xib; sourceTree = "<group>"; };
		7A1E703B299C139800C05E3C /* UITextField+TextInsets.swift */ = {isa = PBXFileReference; lastKnownFileType = sourcecode.swift; path = "UITextField+TextInsets.swift"; sourceTree = "<group>"; };
		7A209BDC299D43DF0017F383 /* NewsTableViewCell.swift */ = {isa = PBXFileReference; lastKnownFileType = sourcecode.swift; path = NewsTableViewCell.swift; sourceTree = "<group>"; };
		7A209BDD299D43DF0017F383 /* NewsTableViewCell.xib */ = {isa = PBXFileReference; lastKnownFileType = file.xib; path = NewsTableViewCell.xib; sourceTree = "<group>"; };
		7AAF9F1E299E225D0048F2F5 /* News.swift */ = {isa = PBXFileReference; lastKnownFileType = sourcecode.swift; path = News.swift; sourceTree = "<group>"; };
		7AAF9F21299E53BB0048F2F5 /* LikeButton.swift */ = {isa = PBXFileReference; lastKnownFileType = sourcecode.swift; path = LikeButton.swift; sourceTree = "<group>"; };
		7AAF9F23299E9FAB0048F2F5 /* Date+SimpleFormat.swift */ = {isa = PBXFileReference; lastKnownFileType = sourcecode.swift; path = "Date+SimpleFormat.swift"; sourceTree = "<group>"; };
		7AAF9F25299EA52E0048F2F5 /* FavoriteCollectionViewCell.swift */ = {isa = PBXFileReference; lastKnownFileType = sourcecode.swift; path = FavoriteCollectionViewCell.swift; sourceTree = "<group>"; };
		7AF77B42299BA1C10099A2E8 /* MyNews.app */ = {isa = PBXFileReference; explicitFileType = wrapper.application; includeInIndex = 0; path = MyNews.app; sourceTree = BUILT_PRODUCTS_DIR; };
		7AF77B45299BA1C10099A2E8 /* AppDelegate.swift */ = {isa = PBXFileReference; lastKnownFileType = sourcecode.swift; path = AppDelegate.swift; sourceTree = "<group>"; };
		7AF77B47299BA1C10099A2E8 /* SceneDelegate.swift */ = {isa = PBXFileReference; lastKnownFileType = sourcecode.swift; path = SceneDelegate.swift; sourceTree = "<group>"; };
		7AF77B49299BA1C10099A2E8 /* AuthViewController.swift */ = {isa = PBXFileReference; lastKnownFileType = sourcecode.swift; path = AuthViewController.swift; sourceTree = "<group>"; };
		7AF77B4E299BA1C20099A2E8 /* Assets.xcassets */ = {isa = PBXFileReference; lastKnownFileType = folder.assetcatalog; path = Assets.xcassets; sourceTree = "<group>"; };
		7AF77B51299BA1C20099A2E8 /* Base */ = {isa = PBXFileReference; lastKnownFileType = file.storyboard; name = Base; path = Base.lproj/LaunchScreen.storyboard; sourceTree = "<group>"; };
		7AF77B53299BA1C20099A2E8 /* Info.plist */ = {isa = PBXFileReference; lastKnownFileType = text.plist.xml; path = Info.plist; sourceTree = "<group>"; };
/* End PBXFileReference section */

/* Begin PBXFrameworksBuildPhase section */
		7AF77B3F299BA1C10099A2E8 /* Frameworks */ = {
			isa = PBXFrameworksBuildPhase;
			buildActionMask = 2147483647;
			files = (
			);
			runOnlyForDeploymentPostprocessing = 0;
		};
/* End PBXFrameworksBuildPhase section */

/* Begin PBXGroup section */
		7A07B0EA299CAC990063839C /* Services */ = {
			isa = PBXGroup;
			children = (
			);
			path = Services;
			sourceTree = "<group>";
		};
		7A07B0EB299CBAFF0063839C /* Register */ = {
			isa = PBXGroup;
			children = (
				7A1E702C299BB5AA00C05E3C /* RegisterViewController.swift */,
				7A1E702D299BB5AA00C05E3C /* RegisterViewController.xib */,
			);
			path = Register;
			sourceTree = "<group>";
		};
		7A07B0EC299CBB070063839C /* Reset password */ = {
			isa = PBXGroup;
			children = (
				7A1E7033299BBF8600C05E3C /* ResetPasswordViewController.swift */,
				7A1E7034299BBF8600C05E3C /* ResetPasswordViewController.xib */,
			);
			path = "Reset password";
			sourceTree = "<group>";
		};
		7A1E7028299BA5C300C05E3C /* Models */ = {
			isa = PBXGroup;
			children = (
				7AAF9F1E299E225D0048F2F5 /* News.swift */,
			);
			path = Models;
			sourceTree = "<group>";
		};
		7A1E7029299BA5C900C05E3C /* Flow */ = {
			isa = PBXGroup;
			children = (
				7A07B0ED299CD9270063839C /* Coordinator.swift */,
				7A1E7030299BB5B800C05E3C /* Auth */,
				7A07B0EB299CBAFF0063839C /* Register */,
				7A07B0EC299CBB070063839C /* Reset password */,
				7A1E7037299BC15C00C05E3C /* Main */,
			);
			path = Flow;
			sourceTree = "<group>";
		};
		7A1E702A299BA5D400C05E3C /* Resources */ = {
			isa = PBXGroup;
			children = (
				7AF77B50299BA1C20099A2E8 /* LaunchScreen.storyboard */,
				7AF77B4E299BA1C20099A2E8 /* Assets.xcassets */,
			);
			path = Resources;
			sourceTree = "<group>";
		};
		7A1E702B299BA5DA00C05E3C /* Environments */ = {
			isa = PBXGroup;
			children = (
				7AF77B53299BA1C20099A2E8 /* Info.plist */,
			);
			path = Environments;
			sourceTree = "<group>";
		};
		7A1E7030299BB5B800C05E3C /* Auth */ = {
			isa = PBXGroup;
			children = (
				7AF77B49299BA1C10099A2E8 /* AuthViewController.swift */,
				7A1E7031299BB62700C05E3C /* AuthViewController.xib */,
			);
			path = Auth;
			sourceTree = "<group>";
		};
		7A1E7037299BC15C00C05E3C /* Main */ = {
			isa = PBXGroup;
			children = (
				7A07B0EF299CDC070063839C /* Main.storyboard */,
				7A209BD4299D41D30017F383 /* News */,
				7A209BD5299D41D80017F383 /* Map */,
				7A209BD6299D41DC0017F383 /* Favorite */,
				7A209BD7299D41E30017F383 /* Profile */,
			);
			path = Main;
			sourceTree = "<group>";
		};
		7A1E7038299C0FD900C05E3C /* Extensions */ = {
			isa = PBXGroup;
			children = (
				7A1E703B299C139800C05E3C /* UITextField+TextInsets.swift */,
				7AAF9F23299E9FAB0048F2F5 /* Date+SimpleFormat.swift */,
			);
			path = Extensions;
			sourceTree = "<group>";
		};
		7A209BD4299D41D30017F383 /* News */ = {
			isa = PBXGroup;
			children = (
				7A07B0F7299CDD070063839C /* NewsViewController.swift */,
				7A209BDC299D43DF0017F383 /* NewsTableViewCell.swift */,
				7A209BDD299D43DF0017F383 /* NewsTableViewCell.xib */,
				7A07B0FF299D125E0063839C /* DetailNewsViewController.swift */,
			);
			path = News;
			sourceTree = "<group>";
		};
		7A209BD5299D41D80017F383 /* Map */ = {
			isa = PBXGroup;
			children = (
				7A07B0F9299D05200063839C /* MapViewController.swift */,
			);
			path = Map;
			sourceTree = "<group>";
		};
		7A209BD6299D41DC0017F383 /* Favorite */ = {
			isa = PBXGroup;
			children = (
				7A07B0FB299D05370063839C /* FavoriteViewController.swift */,
				7AAF9F25299EA52E0048F2F5 /* FavoriteCollectionViewCell.swift */,
			);
			path = Favorite;
			sourceTree = "<group>";
		};
		7A209BD7299D41E30017F383 /* Profile */ = {
			isa = PBXGroup;
			children = (
				7A07B0FD299D05400063839C /* ProfileViewController.swift */,
			);
			path = Profile;
			sourceTree = "<group>";
		};
		7AAF9F20299E53A20048F2F5 /* Controls */ = {
			isa = PBXGroup;
			children = (
				7AAF9F21299E53BB0048F2F5 /* LikeButton.swift */,
			);
			path = Controls;
			sourceTree = "<group>";
		};
		7AF77B39299BA1C10099A2E8 = {
			isa = PBXGroup;
			children = (
				7AF77B44299BA1C10099A2E8 /* MyNews */,
				7AF77B43299BA1C10099A2E8 /* Products */,
			);
			sourceTree = "<group>";
		};
		7AF77B43299BA1C10099A2E8 /* Products */ = {
			isa = PBXGroup;
			children = (
				7AF77B42299BA1C10099A2E8 /* MyNews.app */,
			);
			name = Products;
			sourceTree = "<group>";
		};
		7AF77B44299BA1C10099A2E8 /* MyNews */ = {
			isa = PBXGroup;
			children = (
				7AF77B45299BA1C10099A2E8 /* AppDelegate.swift */,
				7AF77B47299BA1C10099A2E8 /* SceneDelegate.swift */,
				7A1E7028299BA5C300C05E3C /* Models */,
				7A1E7029299BA5C900C05E3C /* Flow */,
				7AAF9F20299E53A20048F2F5 /* Controls */,
				7A1E7038299C0FD900C05E3C /* Extensions */,
				7A07B0EA299CAC990063839C /* Services */,
				7A1E702A299BA5D400C05E3C /* Resources */,
				7A1E702B299BA5DA00C05E3C /* Environments */,
			);
			path = MyNews;
			sourceTree = "<group>";
		};
/* End PBXGroup section */

/* Begin PBXNativeTarget section */
		7AF77B41299BA1C10099A2E8 /* MyNews */ = {
			isa = PBXNativeTarget;
			buildConfigurationList = 7AF77B56299BA1C20099A2E8 /* Build configuration list for PBXNativeTarget "MyNews" */;
			buildPhases = (
				7AF77B3E299BA1C10099A2E8 /* Sources */,
				7AF77B3F299BA1C10099A2E8 /* Frameworks */,
				7AF77B40299BA1C10099A2E8 /* Resources */,
			);
			buildRules = (
			);
			dependencies = (
			);
			name = MyNews;
			productName = MyNews;
			productReference = 7AF77B42299BA1C10099A2E8 /* MyNews.app */;
			productType = "com.apple.product-type.application";
		};
/* End PBXNativeTarget section */

/* Begin PBXProject section */
		7AF77B3A299BA1C10099A2E8 /* Project object */ = {
			isa = PBXProject;
			attributes = {
				BuildIndependentTargetsInParallel = 1;
				LastSwiftUpdateCheck = 1420;
				LastUpgradeCheck = 1420;
				TargetAttributes = {
					7AF77B41299BA1C10099A2E8 = {
						CreatedOnToolsVersion = 14.2;
					};
				};
			};
			buildConfigurationList = 7AF77B3D299BA1C10099A2E8 /* Build configuration list for PBXProject "MyNews" */;
			compatibilityVersion = "Xcode 14.0";
			developmentRegion = en;
			hasScannedForEncodings = 0;
			knownRegions = (
				en,
				Base,
			);
			mainGroup = 7AF77B39299BA1C10099A2E8;
			productRefGroup = 7AF77B43299BA1C10099A2E8 /* Products */;
			projectDirPath = "";
			projectRoot = "";
			targets = (
				7AF77B41299BA1C10099A2E8 /* MyNews */,
			);
		};
/* End PBXProject section */

/* Begin PBXResourcesBuildPhase section */
		7AF77B40299BA1C10099A2E8 /* Resources */ = {
			isa = PBXResourcesBuildPhase;
			buildActionMask = 2147483647;
			files = (
				7AF77B52299BA1C20099A2E8 /* LaunchScreen.storyboard in Resources */,
				7AF77B4F299BA1C20099A2E8 /* Assets.xcassets in Resources */,
				7A1E7032299BB62700C05E3C /* AuthViewController.xib in Resources */,
				7A209BDF299D43DF0017F383 /* NewsTableViewCell.xib in Resources */,
				7A07B0F0299CDC070063839C /* Main.storyboard in Resources */,
				7A1E702F299BB5AA00C05E3C /* RegisterViewController.xib in Resources */,
				7A1E7036299BBF8600C05E3C /* ResetPasswordViewController.xib in Resources */,
			);
			runOnlyForDeploymentPostprocessing = 0;
		};
/* End PBXResourcesBuildPhase section */

/* Begin PBXSourcesBuildPhase section */
		7AF77B3E299BA1C10099A2E8 /* Sources */ = {
			isa = PBXSourcesBuildPhase;
			buildActionMask = 2147483647;
			files = (
				7AF77B4A299BA1C10099A2E8 /* AuthViewController.swift in Sources */,
				7AF77B46299BA1C10099A2E8 /* AppDelegate.swift in Sources */,
				7AF77B48299BA1C10099A2E8 /* SceneDelegate.swift in Sources */,
				7A1E702E299BB5AA00C05E3C /* RegisterViewController.swift in Sources */,
				7AAF9F1F299E225D0048F2F5 /* News.swift in Sources */,
				7A209BDE299D43DF0017F383 /* NewsTableViewCell.swift in Sources */,
				7A07B100299D125E0063839C /* DetailNewsViewController.swift in Sources */,
				7AAF9F26299EA52E0048F2F5 /* FavoriteCollectionViewCell.swift in Sources */,
				7A07B0FC299D05370063839C /* FavoriteViewController.swift in Sources */,
				7A07B0FA299D05200063839C /* MapViewController.swift in Sources */,
				7A07B0FE299D05400063839C /* ProfileViewController.swift in Sources */,
				7A1E703C299C139800C05E3C /* UITextField+TextInsets.swift in Sources */,
				7A07B0F8299CDD070063839C /* NewsViewController.swift in Sources */,
				7A1E7035299BBF8600C05E3C /* ResetPasswordViewController.swift in Sources */,
				7AAF9F22299E53BB0048F2F5 /* LikeButton.swift in Sources */,
				7AAF9F24299E9FAB0048F2F5 /* Date+SimpleFormat.swift in Sources */,
				7A07B0EE299CD9270063839C /* Coordinator.swift in Sources */,
			);
			runOnlyForDeploymentPostprocessing = 0;
		};
/* End PBXSourcesBuildPhase section */

/* Begin PBXVariantGroup section */
		7AF77B50299BA1C20099A2E8 /* LaunchScreen.storyboard */ = {
			isa = PBXVariantGroup;
			children = (
				7AF77B51299BA1C20099A2E8 /* Base */,
			);
			name = LaunchScreen.storyboard;
			sourceTree = "<group>";
		};
/* End PBXVariantGroup section */

/* Begin XCBuildConfiguration section */
		7AF77B54299BA1C20099A2E8 /* Debug */ = {
			isa = XCBuildConfiguration;
			buildSettings = {
				ALWAYS_SEARCH_USER_PATHS = NO;
				CLANG_ANALYZER_NONNULL = YES;
				CLANG_ANALYZER_NUMBER_OBJECT_CONVERSION = YES_AGGRESSIVE;
				CLANG_CXX_LANGUAGE_STANDARD = "gnu++20";
				CLANG_ENABLE_MODULES = YES;
				CLANG_ENABLE_OBJC_ARC = YES;
				CLANG_ENABLE_OBJC_WEAK = YES;
				CLANG_WARN_BLOCK_CAPTURE_AUTORELEASING = YES;
				CLANG_WARN_BOOL_CONVERSION = YES;
				CLANG_WARN_COMMA = YES;
				CLANG_WARN_CONSTANT_CONVERSION = YES;
				CLANG_WARN_DEPRECATED_OBJC_IMPLEMENTATIONS = YES;
				CLANG_WARN_DIRECT_OBJC_ISA_USAGE = YES_ERROR;
				CLANG_WARN_DOCUMENTATION_COMMENTS = YES;
				CLANG_WARN_EMPTY_BODY = YES;
				CLANG_WARN_ENUM_CONVERSION = YES;
				CLANG_WARN_INFINITE_RECURSION = YES;
				CLANG_WARN_INT_CONVERSION = YES;
				CLANG_WARN_NON_LITERAL_NULL_CONVERSION = YES;
				CLANG_WARN_OBJC_IMPLICIT_RETAIN_SELF = YES;
				CLANG_WARN_OBJC_LITERAL_CONVERSION = YES;
				CLANG_WARN_OBJC_ROOT_CLASS = YES_ERROR;
				CLANG_WARN_QUOTED_INCLUDE_IN_FRAMEWORK_HEADER = YES;
				CLANG_WARN_RANGE_LOOP_ANALYSIS = YES;
				CLANG_WARN_STRICT_PROTOTYPES = YES;
				CLANG_WARN_SUSPICIOUS_MOVE = YES;
				CLANG_WARN_UNGUARDED_AVAILABILITY = YES_AGGRESSIVE;
				CLANG_WARN_UNREACHABLE_CODE = YES;
				CLANG_WARN__DUPLICATE_METHOD_MATCH = YES;
				COPY_PHASE_STRIP = NO;
				DEBUG_INFORMATION_FORMAT = dwarf;
				ENABLE_STRICT_OBJC_MSGSEND = YES;
				ENABLE_TESTABILITY = YES;
				GCC_C_LANGUAGE_STANDARD = gnu11;
				GCC_DYNAMIC_NO_PIC = NO;
				GCC_NO_COMMON_BLOCKS = YES;
				GCC_OPTIMIZATION_LEVEL = 0;
				GCC_PREPROCESSOR_DEFINITIONS = (
					"DEBUG=1",
					"$(inherited)",
				);
				GCC_WARN_64_TO_32_BIT_CONVERSION = YES;
				GCC_WARN_ABOUT_RETURN_TYPE = YES_ERROR;
				GCC_WARN_UNDECLARED_SELECTOR = YES;
				GCC_WARN_UNINITIALIZED_AUTOS = YES_AGGRESSIVE;
				GCC_WARN_UNUSED_FUNCTION = YES;
				GCC_WARN_UNUSED_VARIABLE = YES;
				IPHONEOS_DEPLOYMENT_TARGET = 13.0;
				MTL_ENABLE_DEBUG_INFO = INCLUDE_SOURCE;
				MTL_FAST_MATH = YES;
				ONLY_ACTIVE_ARCH = YES;
				SDKROOT = iphoneos;
				SWIFT_ACTIVE_COMPILATION_CONDITIONS = DEBUG;
				SWIFT_OPTIMIZATION_LEVEL = "-Onone";
			};
			name = Debug;
		};
		7AF77B55299BA1C20099A2E8 /* Release */ = {
			isa = XCBuildConfiguration;
			buildSettings = {
				ALWAYS_SEARCH_USER_PATHS = NO;
				CLANG_ANALYZER_NONNULL = YES;
				CLANG_ANALYZER_NUMBER_OBJECT_CONVERSION = YES_AGGRESSIVE;
				CLANG_CXX_LANGUAGE_STANDARD = "gnu++20";
				CLANG_ENABLE_MODULES = YES;
				CLANG_ENABLE_OBJC_ARC = YES;
				CLANG_ENABLE_OBJC_WEAK = YES;
				CLANG_WARN_BLOCK_CAPTURE_AUTORELEASING = YES;
				CLANG_WARN_BOOL_CONVERSION = YES;
				CLANG_WARN_COMMA = YES;
				CLANG_WARN_CONSTANT_CONVERSION = YES;
				CLANG_WARN_DEPRECATED_OBJC_IMPLEMENTATIONS = YES;
				CLANG_WARN_DIRECT_OBJC_ISA_USAGE = YES_ERROR;
				CLANG_WARN_DOCUMENTATION_COMMENTS = YES;
				CLANG_WARN_EMPTY_BODY = YES;
				CLANG_WARN_ENUM_CONVERSION = YES;
				CLANG_WARN_INFINITE_RECURSION = YES;
				CLANG_WARN_INT_CONVERSION = YES;
				CLANG_WARN_NON_LITERAL_NULL_CONVERSION = YES;
				CLANG_WARN_OBJC_IMPLICIT_RETAIN_SELF = YES;
				CLANG_WARN_OBJC_LITERAL_CONVERSION = YES;
				CLANG_WARN_OBJC_ROOT_CLASS = YES_ERROR;
				CLANG_WARN_QUOTED_INCLUDE_IN_FRAMEWORK_HEADER = YES;
				CLANG_WARN_RANGE_LOOP_ANALYSIS = YES;
				CLANG_WARN_STRICT_PROTOTYPES = YES;
				CLANG_WARN_SUSPICIOUS_MOVE = YES;
				CLANG_WARN_UNGUARDED_AVAILABILITY = YES_AGGRESSIVE;
				CLANG_WARN_UNREACHABLE_CODE = YES;
				CLANG_WARN__DUPLICATE_METHOD_MATCH = YES;
				COPY_PHASE_STRIP = NO;
				DEBUG_INFORMATION_FORMAT = "dwarf-with-dsym";
				ENABLE_NS_ASSERTIONS = NO;
				ENABLE_STRICT_OBJC_MSGSEND = YES;
				GCC_C_LANGUAGE_STANDARD = gnu11;
				GCC_NO_COMMON_BLOCKS = YES;
				GCC_WARN_64_TO_32_BIT_CONVERSION = YES;
				GCC_WARN_ABOUT_RETURN_TYPE = YES_ERROR;
				GCC_WARN_UNDECLARED_SELECTOR = YES;
				GCC_WARN_UNINITIALIZED_AUTOS = YES_AGGRESSIVE;
				GCC_WARN_UNUSED_FUNCTION = YES;
				GCC_WARN_UNUSED_VARIABLE = YES;
				IPHONEOS_DEPLOYMENT_TARGET = 13.0;
				MTL_ENABLE_DEBUG_INFO = NO;
				MTL_FAST_MATH = YES;
				SDKROOT = iphoneos;
				SWIFT_COMPILATION_MODE = wholemodule;
				SWIFT_OPTIMIZATION_LEVEL = "-O";
				VALIDATE_PRODUCT = YES;
			};
			name = Release;
		};
		7AF77B57299BA1C20099A2E8 /* Debug */ = {
			isa = XCBuildConfiguration;
			buildSettings = {
				ASSETCATALOG_COMPILER_APPICON_NAME = AppIcon;
				ASSETCATALOG_COMPILER_GLOBAL_ACCENT_COLOR_NAME = AccentColor;
				CODE_SIGN_STYLE = Automatic;
				CURRENT_PROJECT_VERSION = 1;
				DEVELOPMENT_TEAM = LA6FA5G5XC;
				GENERATE_INFOPLIST_FILE = YES;
				INFOPLIST_FILE = MyNews/Environments/Info.plist;
				INFOPLIST_KEY_CFBundleDisplayName = "My News";
				INFOPLIST_KEY_UIApplicationSupportsIndirectInputEvents = YES;
				INFOPLIST_KEY_UILaunchStoryboardName = LaunchScreen;
				INFOPLIST_KEY_UISupportedInterfaceOrientations = UIInterfaceOrientationPortrait;
				INFOPLIST_KEY_UISupportedInterfaceOrientations_iPad = "UIInterfaceOrientationLandscapeLeft UIInterfaceOrientationLandscapeRight UIInterfaceOrientationPortrait UIInterfaceOrientationPortraitUpsideDown";
				IPHONEOS_DEPLOYMENT_TARGET = 13.0;
				LD_RUNPATH_SEARCH_PATHS = (
					"$(inherited)",
					"@executable_path/Frameworks",
				);
				MARKETING_VERSION = 1.0;
				PRODUCT_BUNDLE_IDENTIFIER = com.aksilont.MyNews;
				PRODUCT_NAME = "$(TARGET_NAME)";
				SUPPORTED_PLATFORMS = "iphoneos iphonesimulator";
				SUPPORTS_MACCATALYST = NO;
				SUPPORTS_MAC_DESIGNED_FOR_IPHONE_IPAD = NO;
				SWIFT_EMIT_LOC_STRINGS = YES;
				SWIFT_VERSION = 5.0;
				TARGETED_DEVICE_FAMILY = 1;
			};
			name = Debug;
		};
		7AF77B58299BA1C20099A2E8 /* Release */ = {
			isa = XCBuildConfiguration;
			buildSettings = {
				ASSETCATALOG_COMPILER_APPICON_NAME = AppIcon;
				ASSETCATALOG_COMPILER_GLOBAL_ACCENT_COLOR_NAME = AccentColor;
				CODE_SIGN_STYLE = Automatic;
				CURRENT_PROJECT_VERSION = 1;
				DEVELOPMENT_TEAM = LA6FA5G5XC;
				GENERATE_INFOPLIST_FILE = YES;
				INFOPLIST_FILE = MyNews/Environments/Info.plist;
				INFOPLIST_KEY_CFBundleDisplayName = "My News";
				INFOPLIST_KEY_UIApplicationSupportsIndirectInputEvents = YES;
				INFOPLIST_KEY_UILaunchStoryboardName = LaunchScreen;
				INFOPLIST_KEY_UISupportedInterfaceOrientations = UIInterfaceOrientationPortrait;
				INFOPLIST_KEY_UISupportedInterfaceOrientations_iPad = "UIInterfaceOrientationLandscapeLeft UIInterfaceOrientationLandscapeRight UIInterfaceOrientationPortrait UIInterfaceOrientationPortraitUpsideDown";
				IPHONEOS_DEPLOYMENT_TARGET = 13.0;
				LD_RUNPATH_SEARCH_PATHS = (
					"$(inherited)",
					"@executable_path/Frameworks",
				);
				MARKETING_VERSION = 1.0;
				PRODUCT_BUNDLE_IDENTIFIER = com.aksilont.MyNews;
				PRODUCT_NAME = "$(TARGET_NAME)";
				SUPPORTED_PLATFORMS = "iphoneos iphonesimulator";
				SUPPORTS_MACCATALYST = NO;
				SUPPORTS_MAC_DESIGNED_FOR_IPHONE_IPAD = NO;
				SWIFT_EMIT_LOC_STRINGS = YES;
				SWIFT_VERSION = 5.0;
				TARGETED_DEVICE_FAMILY = 1;
			};
			name = Release;
		};
/* End XCBuildConfiguration section */

/* Begin XCConfigurationList section */
		7AF77B3D299BA1C10099A2E8 /* Build configuration list for PBXProject "MyNews" */ = {
			isa = XCConfigurationList;
			buildConfigurations = (
				7AF77B54299BA1C20099A2E8 /* Debug */,
				7AF77B55299BA1C20099A2E8 /* Release */,
			);
			defaultConfigurationIsVisible = 0;
			defaultConfigurationName = Release;
		};
		7AF77B56299BA1C20099A2E8 /* Build configuration list for PBXNativeTarget "MyNews" */ = {
			isa = XCConfigurationList;
			buildConfigurations = (
				7AF77B57299BA1C20099A2E8 /* Debug */,
				7AF77B58299BA1C20099A2E8 /* Release */,
			);
			defaultConfigurationIsVisible = 0;
			defaultConfigurationName = Release;
		};
/* End XCConfigurationList section */
	};
	rootObject = 7AF77B3A299BA1C10099A2E8 /* Project object */;
}
